
Microsoft Visual Studio Solution File, Format Version 12.00
# Visual Studio Version 16
VisualStudioVersion = 16.0.28803.156
MinimumVisualStudioVersion = 10.0.40219.1
Project("{FAE04EC0-301F-11D3-BF4B-00C04F79EFBC}") = "SocialMedia.Models", "SocialMedia.Models\SocialMedia.Models.csproj", "{395CA3D0-4C9E-4C08-B417-4DD1B6711DA1}"
EndProject
Project("{FAE04EC0-301F-11D3-BF4B-00C04F79EFBC}") = "SocialMedia.Web", "SocialMedia.Web\SocialMedia.Web.csproj", "{E29FA413-CF72-4F4C-B65E-657304411DD2}"
EndProject
Project("{FAE04EC0-301F-11D3-BF4B-00C04F79EFBC}") = "SocialMedia.Data", "SocialMedia.Data\SocialMedia.Data.csproj", "{8291028D-DE77-46AC-A163-F9B4A5AAD155}"
EndProject
Project("{FAE04EC0-301F-11D3-BF4B-00C04F79EFBC}") = "SocialMedia.CLI", "SocialMedia.CLI\SocialMedia.CLI.csproj", "{AB533081-28B4-408C-AB24-DA3F1C09229F}"
EndProject
Global
	GlobalSection(SolutionConfigurationPlatforms) = preSolution
		Debug|Any CPU = Debug|Any CPU
		Release|Any CPU = Release|Any CPU
	EndGlobalSection
	GlobalSection(ProjectConfigurationPlatforms) = postSolution
		{395CA3D0-4C9E-4C08-B417-4DD1B6711DA1}.Debug|Any CPU.ActiveCfg = Debug|Any CPU
		{395CA3D0-4C9E-4C08-B417-4DD1B6711DA1}.Debug|Any CPU.Build.0 = Debug|Any CPU
		{395CA3D0-4C9E-4C08-B417-4DD1B6711DA1}.Release|Any CPU.ActiveCfg = Release|Any CPU
		{395CA3D0-4C9E-4C08-B417-4DD1B6711DA1}.Release|Any CPU.Build.0 = Release|Any CPU
		{E29FA413-CF72-4F4C-B65E-657304411DD2}.Debug|Any CPU.ActiveCfg = Debug|Any CPU
		{E29FA413-CF72-4F4C-B65E-657304411DD2}.Debug|Any CPU.Build.0 = Debug|Any CPU
		{E29FA413-CF72-4F4C-B65E-657304411DD2}.Release|Any CPU.ActiveCfg = Release|Any CPU
		{E29FA413-CF72-4F4C-B65E-657304411DD2}.Release|Any CPU.Build.0 = Release|Any CPU
		{8291028D-DE77-46AC-A163-F9B4A5AAD155}.Debug|Any CPU.ActiveCfg = Debug|Any CPU
		{8291028D-DE77-46AC-A163-F9B4A5AAD155}.Debug|Any CPU.Build.0 = Debug|Any CPU
		{8291028D-DE77-46AC-A163-F9B4A5AAD155}.Release|Any CPU.ActiveCfg = Release|Any CPU
		{8291028D-DE77-46AC-A163-F9B4A5AAD155}.Release|Any CPU.Build.0 = Release|Any CPU
		{AB533081-28B4-408C-AB24-DA3F1C09229F}.Debug|Any CPU.ActiveCfg = Debug|Any CPU
		{AB533081-28B4-408C-AB24-DA3F1C09229F}.Debug|Any CPU.Build.0 = Debug|Any CPU
		{AB533081-28B4-408C-AB24-DA3F1C09229F}.Release|Any CPU.ActiveCfg = Release|Any CPU
		{AB533081-28B4-408C-AB24-DA3F1C09229F}.Release|Any CPU.Build.0 = Release|Any CPU
	EndGlobalSection
	GlobalSection(SolutionProperties) = preSolution
		HideSolutionNode = FALSE
	EndGlobalSection
	GlobalSection(ExtensibilityGlobals) = postSolution
		SolutionGuid = {DC3F6EBD-0E7C-4E6D-B004-5877F1B99E99}
	EndGlobalSection
EndGlobal
