
Microsoft Visual Studio Solution File, Format Version 12.00
# Visual Studio Version 16
VisualStudioVersion = 16.0.28803.156
MinimumVisualStudioVersion = 10.0.40219.1
Project("{9A19103F-16F7-4668-BE54-9A1E7A4F7556}") = "SocialMedia.Models", "SocialMedia.Models\SocialMedia.Models.csproj", "{395CA3D0-4C9E-4C08-B417-4DD1B6711DA1}"
EndProject
Project("{9A19103F-16F7-4668-BE54-9A1E7A4F7556}") = "SocialMedia.Data", "SocialMedia.Data\SocialMedia.Data.csproj", "{8291028D-DE77-46AC-A163-F9B4A5AAD155}"
EndProject
Project("{9A19103F-16F7-4668-BE54-9A1E7A4F7556}") = "SocialMedia.Web", "SocialMedia.Web\SocialMedia.Web.csproj", "{45C5C3E7-9625-4F68-8C0B-02064284BFFC}"
EndProject
Global
	GlobalSection(SolutionConfigurationPlatforms) = preSolution
		Debug|Any CPU = Debug|Any CPU
		Release|Any CPU = Release|Any CPU
	EndGlobalSection
	GlobalSection(ProjectConfigurationPlatforms) = postSolution
		{395CA3D0-4C9E-4C08-B417-4DD1B6711DA1}.Debug|Any CPU.ActiveCfg = Debug|Any CPU
		{395CA3D0-4C9E-4C08-B417-4DD1B6711DA1}.Debug|Any CPU.Build.0 = Debug|Any CPU
		{395CA3D0-4C9E-4C08-B417-4DD1B6711DA1}.Release|Any CPU.ActiveCfg = Release|Any CPU
		{395CA3D0-4C9E-4C08-B417-4DD1B6711DA1}.Release|Any CPU.Build.0 = Release|Any CPU
		{8291028D-DE77-46AC-A163-F9B4A5AAD155}.Debug|Any CPU.ActiveCfg = Debug|Any CPU
		{8291028D-DE77-46AC-A163-F9B4A5AAD155}.Debug|Any CPU.Build.0 = Debug|Any CPU
		{8291028D-DE77-46AC-A163-F9B4A5AAD155}.Release|Any CPU.ActiveCfg = Release|Any CPU
		{8291028D-DE77-46AC-A163-F9B4A5AAD155}.Release|Any CPU.Build.0 = Release|Any CPU
		{45C5C3E7-9625-4F68-8C0B-02064284BFFC}.Debug|Any CPU.ActiveCfg = Debug|Any CPU
		{45C5C3E7-9625-4F68-8C0B-02064284BFFC}.Debug|Any CPU.Build.0 = Debug|Any CPU
		{45C5C3E7-9625-4F68-8C0B-02064284BFFC}.Release|Any CPU.ActiveCfg = Release|Any CPU
		{45C5C3E7-9625-4F68-8C0B-02064284BFFC}.Release|Any CPU.Build.0 = Release|Any CPU
	EndGlobalSection
	GlobalSection(SolutionProperties) = preSolution
		HideSolutionNode = FALSE
	EndGlobalSection
	GlobalSection(ExtensibilityGlobals) = postSolution
		SolutionGuid = {DC3F6EBD-0E7C-4E6D-B004-5877F1B99E99}
	EndGlobalSection
EndGlobal
